PODS:
  - FlutterMacOS (1.0.0)
  - libnosuta (0.0.1):
    - FlutterMacOS

DEPENDENCIES:
  - FlutterMacOS (from `Flutter/ephemeral`)
  - libnosuta (from `Flutter/ephemeral/.symlinks/plugins/libnosuta/macos`)

EXTERNAL SOURCES:
  FlutterMacOS:
    :path: Flutter/ephemeral
  libnosuta:
    :path: Flutter/ephemeral/.symlinks/plugins/libnosuta/macos

SPEC CHECKSUMS:
  FlutterMacOS: 8f6f14fa908a6fb3fba0cd85dbd81ec4b251fb24
  libnosuta: e9a1192940d1fa1b76d798a6ecf8ba8e66ad7b6a

PODFILE CHECKSUM: 236401fc2c932af29a9fcf0e97baeeb2d750d367

COCOAPODS: 1.11.2
